
Microsoft Visual Studio Solution File, Format Version 12.00
# Visual Studio Version 17
VisualStudioVersion = 17.0.32126.317
MinimumVisualStudioVersion = 10.0.40219.1
Project("{FAE04EC0-301F-11D3-BF4B-00C04F79EFBC}") = "30032022", "30032022\30032022.csproj", "{38C82EDE-6A1C-452B-8025-AB86F8F6B426}"
EndProject
Project("{FAE04EC0-301F-11D3-BF4B-00C04F79EFBC}") = "ReflectionLesson", "ReflectionLesson\ReflectionLesson.csproj", "{5AABBFC8-FEB1-4AD4-9DF3-51458CCA2236}"
EndProject
Project("{FAE04EC0-301F-11D3-BF4B-00C04F79EFBC}") = "OperatorOverloading", "OperatorOverloading\OperatorOverloading.csproj", "{86A1373C-0717-4814-9EBE-7105801EA3C7}"
EndProject
Global
	GlobalSection(SolutionConfigurationPlatforms) = preSolution
		Debug|Any CPU = Debug|Any CPU
		Release|Any CPU = Release|Any CPU
	EndGlobalSection
	GlobalSection(ProjectConfigurationPlatforms) = postSolution
		{38C82EDE-6A1C-452B-8025-AB86F8F6B426}.Debug|Any CPU.ActiveCfg = Debug|Any CPU
		{38C82EDE-6A1C-452B-8025-AB86F8F6B426}.Debug|Any CPU.Build.0 = Debug|Any CPU
		{38C82EDE-6A1C-452B-8025-AB86F8F6B426}.Release|Any CPU.ActiveCfg = Release|Any CPU
		{38C82EDE-6A1C-452B-8025-AB86F8F6B426}.Release|Any CPU.Build.0 = Release|Any CPU
		{5AABBFC8-FEB1-4AD4-9DF3-51458CCA2236}.Debug|Any CPU.ActiveCfg = Debug|Any CPU
		{5AABBFC8-FEB1-4AD4-9DF3-51458CCA2236}.Debug|Any CPU.Build.0 = Debug|Any CPU
		{5AABBFC8-FEB1-4AD4-9DF3-51458CCA2236}.Release|Any CPU.ActiveCfg = Release|Any CPU
		{5AABBFC8-FEB1-4AD4-9DF3-51458CCA2236}.Release|Any CPU.Build.0 = Release|Any CPU
		{86A1373C-0717-4814-9EBE-7105801EA3C7}.Debug|Any CPU.ActiveCfg = Debug|Any CPU
		{86A1373C-0717-4814-9EBE-7105801EA3C7}.Debug|Any CPU.Build.0 = Debug|Any CPU
		{86A1373C-0717-4814-9EBE-7105801EA3C7}.Release|Any CPU.ActiveCfg = Release|Any CPU
		{86A1373C-0717-4814-9EBE-7105801EA3C7}.Release|Any CPU.Build.0 = Release|Any CPU
	EndGlobalSection
	GlobalSection(SolutionProperties) = preSolution
		HideSolutionNode = FALSE
	EndGlobalSection
	GlobalSection(ExtensibilityGlobals) = postSolution
		SolutionGuid = {2A34237E-D009-4382-9B02-37909CDE3D3A}
	EndGlobalSection
EndGlobal
